
Microsoft Visual Studio Solution File, Format Version 12.00
# Visual Studio Version 17
VisualStudioVersion = 17.12.35514.174
MinimumVisualStudioVersion = 10.0.40219.1
Project("{FAE04EC0-301F-11D3-BF4B-00C04F79EFBC}") = "GoToMo.Domain", "GoToMo.Domain\GoToMo.Domain.csproj", "{44CD3CF7-146C-439F-BD18-21C880E365EC}"
EndProject
Project("{FAE04EC0-301F-11D3-BF4B-00C04F79EFBC}") = "GoToMo.Data", "GoToMo.Data\GoToMo.Data.csproj", "{0B88BF87-8BD7-44A3-9DF5-E51DF8EFC33D}"
EndProject
Project("{FAE04EC0-301F-11D3-BF4B-00C04F79EFBC}") = "GoToMo.Tests", "GoToMo.Tests\GoToMo.Tests.csproj", "{C28DC439-497C-4B25-8B0A-E1C895AEB4B5}"
EndProject
Project("{FAE04EC0-301F-11D3-BF4B-00C04F79EFBC}") = "GoToMo.Api", "GoToMo.Api\GoToMo.Api.csproj", "{7D178CF4-BD75-44F4-8346-744865BD2D02}"
EndProject
Project("{FAE04EC0-301F-11D3-BF4B-00C04F79EFBC}") = "GoToMo.Dto", "GoToMo.Dto\GoToMo.Dto.csproj", "{CAFC8569-D4A7-4624-B7F4-62B2B978276B}"
EndProject
Project("{FAE04EC0-301F-11D3-BF4B-00C04F79EFBC}") = "GoToMo.Web", "GoToMo.Web\GoToMo.Web.csproj", "{44E076FB-7E94-4509-A325-9147F216E7CB}"
EndProject
Global
	GlobalSection(SolutionConfigurationPlatforms) = preSolution
		Debug|Any CPU = Debug|Any CPU
		Release|Any CPU = Release|Any CPU
	EndGlobalSection
	GlobalSection(ProjectConfigurationPlatforms) = postSolution
		{44CD3CF7-146C-439F-BD18-21C880E365EC}.Debug|Any CPU.ActiveCfg = Debug|Any CPU
		{44CD3CF7-146C-439F-BD18-21C880E365EC}.Debug|Any CPU.Build.0 = Debug|Any CPU
		{44CD3CF7-146C-439F-BD18-21C880E365EC}.Release|Any CPU.ActiveCfg = Release|Any CPU
		{44CD3CF7-146C-439F-BD18-21C880E365EC}.Release|Any CPU.Build.0 = Release|Any CPU
		{0B88BF87-8BD7-44A3-9DF5-E51DF8EFC33D}.Debug|Any CPU.ActiveCfg = Debug|Any CPU
		{0B88BF87-8BD7-44A3-9DF5-E51DF8EFC33D}.Debug|Any CPU.Build.0 = Debug|Any CPU
		{0B88BF87-8BD7-44A3-9DF5-E51DF8EFC33D}.Release|Any CPU.ActiveCfg = Release|Any CPU
		{0B88BF87-8BD7-44A3-9DF5-E51DF8EFC33D}.Release|Any CPU.Build.0 = Release|Any CPU
		{C28DC439-497C-4B25-8B0A-E1C895AEB4B5}.Debug|Any CPU.ActiveCfg = Debug|Any CPU
		{C28DC439-497C-4B25-8B0A-E1C895AEB4B5}.Debug|Any CPU.Build.0 = Debug|Any CPU
		{C28DC439-497C-4B25-8B0A-E1C895AEB4B5}.Release|Any CPU.ActiveCfg = Release|Any CPU
		{C28DC439-497C-4B25-8B0A-E1C895AEB4B5}.Release|Any CPU.Build.0 = Release|Any CPU
		{7D178CF4-BD75-44F4-8346-744865BD2D02}.Debug|Any CPU.ActiveCfg = Debug|Any CPU
		{7D178CF4-BD75-44F4-8346-744865BD2D02}.Debug|Any CPU.Build.0 = Debug|Any CPU
		{7D178CF4-BD75-44F4-8346-744865BD2D02}.Release|Any CPU.ActiveCfg = Release|Any CPU
		{7D178CF4-BD75-44F4-8346-744865BD2D02}.Release|Any CPU.Build.0 = Release|Any CPU
		{CAFC8569-D4A7-4624-B7F4-62B2B978276B}.Debug|Any CPU.ActiveCfg = Debug|Any CPU
		{CAFC8569-D4A7-4624-B7F4-62B2B978276B}.Debug|Any CPU.Build.0 = Debug|Any CPU
		{CAFC8569-D4A7-4624-B7F4-62B2B978276B}.Release|Any CPU.ActiveCfg = Release|Any CPU
		{CAFC8569-D4A7-4624-B7F4-62B2B978276B}.Release|Any CPU.Build.0 = Release|Any CPU
		{44E076FB-7E94-4509-A325-9147F216E7CB}.Debug|Any CPU.ActiveCfg = Debug|Any CPU
		{44E076FB-7E94-4509-A325-9147F216E7CB}.Debug|Any CPU.Build.0 = Debug|Any CPU
		{44E076FB-7E94-4509-A325-9147F216E7CB}.Release|Any CPU.ActiveCfg = Release|Any CPU
		{44E076FB-7E94-4509-A325-9147F216E7CB}.Release|Any CPU.Build.0 = Release|Any CPU
	EndGlobalSection
	GlobalSection(SolutionProperties) = preSolution
		HideSolutionNode = FALSE
	EndGlobalSection
EndGlobal
